
Microsoft Visual Studio Solution File, Format Version 12.00
# Visual Studio Version 17
VisualStudioVersion = 17.4.33205.214
MinimumVisualStudioVersion = 10.0.40219.1
Project("{FAE04EC0-301F-11D3-BF4B-00C04F79EFBC}") = "esperance_vie", "esperance_vie.csproj", "{C2D72419-A55D-4CC2-99C3-687878D0EE60}"
EndProject
Project("{FAE04EC0-301F-11D3-BF4B-00C04F79EFBC}") = "Table_Multiplication", "..\Table_Multiplication\Table_Multiplication.csproj", "{82C58ED2-7498-4BA2-A733-41A126AF1863}"
EndProject
Global
	GlobalSection(SolutionConfigurationPlatforms) = preSolution
		Debug|Any CPU = Debug|Any CPU
		Release|Any CPU = Release|Any CPU
	EndGlobalSection
	GlobalSection(ProjectConfigurationPlatforms) = postSolution
		{C2D72419-A55D-4CC2-99C3-687878D0EE60}.Debug|Any CPU.ActiveCfg = Debug|Any CPU
		{C2D72419-A55D-4CC2-99C3-687878D0EE60}.Debug|Any CPU.Build.0 = Debug|Any CPU
		{C2D72419-A55D-4CC2-99C3-687878D0EE60}.Release|Any CPU.ActiveCfg = Release|Any CPU
		{C2D72419-A55D-4CC2-99C3-687878D0EE60}.Release|Any CPU.Build.0 = Release|Any CPU
		{82C58ED2-7498-4BA2-A733-41A126AF1863}.Debug|Any CPU.ActiveCfg = Debug|Any CPU
		{82C58ED2-7498-4BA2-A733-41A126AF1863}.Debug|Any CPU.Build.0 = Debug|Any CPU
		{82C58ED2-7498-4BA2-A733-41A126AF1863}.Release|Any CPU.ActiveCfg = Release|Any CPU
		{82C58ED2-7498-4BA2-A733-41A126AF1863}.Release|Any CPU.Build.0 = Release|Any CPU
	EndGlobalSection
	GlobalSection(SolutionProperties) = preSolution
		HideSolutionNode = FALSE
	EndGlobalSection
	GlobalSection(ExtensibilityGlobals) = postSolution
		SolutionGuid = {351EB0AF-E61B-42C7-AB44-94120D094950}
	EndGlobalSection
EndGlobal
